# THIS IS AN AUTOGENERATED FILE. DO NOT EDIT THIS FILE DIRECTLY.
# yarn lockfile v1


"@clipisode/theme@~0.0.8":
  version "0.0.8"
  resolved "https://registry.npmjs.org/@clipisode/theme/-/theme-0.0.8.tgz#cd4cfb84902d3eb184a5c5852cdf33fcf4c3db76"
  integrity sha512-eyrb7CVPrqo4izf+jasFekwG6UoFkue+QWg7CTR318zvIk+jgBWLE8d6ZcaImzHWqv+rEqXH7Pa5wNCfTAntiA==

"@types/lodash@^4.14.168":
  version "4.14.175"
  resolved "https://registry.npmjs.org/@types/lodash/-/lodash-4.14.175.tgz#b78dfa959192b01fae0ad90e166478769b215f45"
  integrity sha512-XmdEOrKQ8a1Y/yxQFOMbC47G/V2VDO1GvMRnl4O75M4GW/abC5tnfzadQYkqEveqRM1dEJGFFegfPNA2vvx2iw==

prettier@^2.2.1:
  version "2.4.1"
  resolved "https://registry.npmjs.org/prettier/-/prettier-2.4.1.tgz#671e11c89c14a4cfc876ce564106c4a6726c9f5c"
  integrity sha512-9fbDAXSBcc6Bs1mZrDYb3XKzDLm4EXXL9sC1LqKP5rZkT6KRr/rf9amVUcODVXgguK/isJz0d0hP72WeaKWsvA==

typescript@^4.2.3:
  version "4.4.3"
  resolved "https://registry.npmjs.org/typescript/-/typescript-4.4.3.tgz#bdc5407caa2b109efd4f82fe130656f977a29324"
  integrity sha512-4xfscpisVgqqDfPaJo5vkd+Qd/ItkoagnHpufr+i2QCHBsNYp+G7UAoyFl8aPtx879u38wPV65rZ8qbGZijalA==
